
Microsoft Visual Studio Solution File, Format Version 12.00
# Visual Studio 2012
Project("{FAE04EC0-301F-11D3-BF4B-00C04F79EFBC}") = "FlowControlExtensions", "FlowControlExtensions\FlowControlExtensions.csproj", "{0383D4B9-EACF-44CF-854E-C4BECD7F18A9}"
EndProject
Project("{FAE04EC0-301F-11D3-BF4B-00C04F79EFBC}") = "FlowControlExtensions.Test", "FlowControlExtensions.Test\FlowControlExtensions.Test.csproj", "{DF043104-78BD-40BB-846D-6BC4A90A99D7}"
EndProject
Global
	GlobalSection(SolutionConfigurationPlatforms) = preSolution
		Debug|Any CPU = Debug|Any CPU
		Release|Any CPU = Release|Any CPU
	EndGlobalSection
	GlobalSection(ProjectConfigurationPlatforms) = postSolution
		{0383D4B9-EACF-44CF-854E-C4BECD7F18A9}.Debug|Any CPU.ActiveCfg = Debug|Any CPU
		{0383D4B9-EACF-44CF-854E-C4BECD7F18A9}.Debug|Any CPU.Build.0 = Debug|Any CPU
		{0383D4B9-EACF-44CF-854E-C4BECD7F18A9}.Release|Any CPU.ActiveCfg = Release|Any CPU
		{0383D4B9-EACF-44CF-854E-C4BECD7F18A9}.Release|Any CPU.Build.0 = Release|Any CPU
		{DF043104-78BD-40BB-846D-6BC4A90A99D7}.Debug|Any CPU.ActiveCfg = Debug|Any CPU
		{DF043104-78BD-40BB-846D-6BC4A90A99D7}.Debug|Any CPU.Build.0 = Debug|Any CPU
		{DF043104-78BD-40BB-846D-6BC4A90A99D7}.Release|Any CPU.ActiveCfg = Release|Any CPU
		{DF043104-78BD-40BB-846D-6BC4A90A99D7}.Release|Any CPU.Build.0 = Release|Any CPU
	EndGlobalSection
	GlobalSection(SolutionProperties) = preSolution
		HideSolutionNode = FALSE
	EndGlobalSection
EndGlobal
